
Microsoft Visual Studio Solution File, Format Version 12.00
Project("{FAE04EC0-301F-11D3-BF4B-00C04F79EFBC}") = "CurrencyConverter.Functions", "CurrencyConverter.Functions\CurrencyConverter.Functions.csproj", "{5259167C-4EFC-4AEC-A5AF-50B28FDC8325}"
EndProject
Global
	GlobalSection(SolutionConfigurationPlatforms) = preSolution
		Debug|Any CPU = Debug|Any CPU
		Release|Any CPU = Release|Any CPU
	EndGlobalSection
	GlobalSection(ProjectConfigurationPlatforms) = postSolution
		{5259167C-4EFC-4AEC-A5AF-50B28FDC8325}.Debug|Any CPU.ActiveCfg = Debug|Any CPU
		{5259167C-4EFC-4AEC-A5AF-50B28FDC8325}.Debug|Any CPU.Build.0 = Debug|Any CPU
		{5259167C-4EFC-4AEC-A5AF-50B28FDC8325}.Release|Any CPU.ActiveCfg = Release|Any CPU
		{5259167C-4EFC-4AEC-A5AF-50B28FDC8325}.Release|Any CPU.Build.0 = Release|Any CPU
	EndGlobalSection
EndGlobal
